<?xml version="1.0" encoding="utf-8"?>
<Project ToolsVersion="4.0" xmlns="http://schemas.microsoft.com/developer/msbuild/2003">
  <ItemGroup>
    <Filter Include="win32">
      <UniqueIdentifier>{84a8ebd7-7cf0-47f6-b75e-d441df67da40}</UniqueIdentifier>
    </Filter>
    <Filter Include="resource">
      <UniqueIdentifier>{715254bc-d70b-4ec5-bf29-467dd3ace079}</UniqueIdentifier>
    </Filter>
    <Filter Include="src">
      <UniqueIdentifier>{bb6c862e-70e9-49d9-81b7-3829a6f50471}</UniqueIdentifier>
    </Filter>
    <Filter Include="src\Configs">
      <UniqueIdentifier>{240f059d-60fe-43ad-9514-244f490b0fda}</UniqueIdentifier>
    </Filter>
    <Filter Include="src\Controllers">
      <UniqueIdentifier>{ff762e04-6575-42e1-888b-716fc945662e}</UniqueIdentifier>
    </Filter>
    <Filter Include="src\Managers">
      <UniqueIdentifier>{63567fab-c64b-437d-aa49-1dc2431df9e2}</UniqueIdentifier>
    </Filter>
    <Filter Include="src\Models">
      <UniqueIdentifier>{698a58f9-9542-4f8a-a53a-0d58062de535}</UniqueIdentifier>
    </Filter>
    <Filter Include="src\Services">
      <UniqueIdentifier>{64f34e89-fb28-4e15-ab0c-a99ca8f91d35}</UniqueIdentifier>
    </Filter>
    <Filter Include="src\Scene">
      <UniqueIdentifier>{26da5204-fbed-495c-8efe-94075c74b42c}</UniqueIdentifier>
    </Filter>
    <Filter Include="src\Utils">
      <UniqueIdentifier>{53d4304e-783a-464b-b9b3-c5c509d8576f}</UniqueIdentifier>
    </Filter>
    <Filter Include="src\Views">
      <UniqueIdentifier>{4081acaa-46b6-4301-9c1e-f8d79f65695d}</UniqueIdentifier>
    </Filter>
  </ItemGroup>
  <ItemGroup>
    <ClCompile Include="main.cpp">
      <Filter>win32</Filter>
    </ClCompile>
    <ClCompile Include="..\Classes\AppDelegate.cpp">
      <Filter>src</Filter>
    </ClCompile>
    <ClCompile Include="..\Classes\Models\CardModel.cpp">
      <Filter>src\Models</Filter>
    </ClCompile>
    <ClCompile Include="..\Classes\Models\GameModel.cpp">
      <Filter>src\Models</Filter>
    </ClCompile>
    <ClCompile Include="..\Classes\Models\UndoModel.cpp">
      <Filter>src\Models</Filter>
    </ClCompile>
    <ClCompile Include="..\Classes\Views\CardView.cpp">
      <Filter>src\Views</Filter>
    </ClCompile>
    <ClCompile Include="..\Classes\Views\GameView.cpp">
      <Filter>src\Views</Filter>
    </ClCompile>
    <ClCompile Include="..\Classes\Scene\GamePlayScene.cpp">
      <Filter>src\Scene</Filter>
    </ClCompile>
    <ClCompile Include="..\Classes\Services\GameModelFromLevelGenerator.cpp">
      <Filter>src\Services</Filter>
    </ClCompile>
    <ClCompile Include="..\Classes\Controllers\GameController.cpp">
      <Filter>src\Controllers</Filter>
    </ClCompile>
    <ClCompile Include="..\Classes\Managers\UndoManager.cpp">
      <Filter>src\Managers</Filter>
    </ClCompile>
    <ClCompile Include="..\Classes\Managers\PlayFieldManager.cpp">
      <Filter>src\Managers</Filter>
    </ClCompile>
    <ClCompile Include="..\Classes\Managers\StackManager.cpp">
      <Filter>src\Managers</Filter>
    </ClCompile>
  </ItemGroup>
  <ItemGroup>
    <ClInclude Include="main.h">
      <Filter>win32</Filter>
    </ClInclude>
    <ClInclude Include="..\Classes\AppDelegate.h">
      <Filter>src</Filter>
    </ClInclude>
    <ClInclude Include="..\Classes\Configs\CardResConfig.h">
      <Filter>src\Configs</Filter>
    </ClInclude>
    <ClInclude Include="..\Classes\Configs\GameConfig.h">
      <Filter>src\Configs</Filter>
    </ClInclude>
    <ClInclude Include="..\Classes\Models\CardModel.h">
      <Filter>src\Models</Filter>
    </ClInclude>
    <ClInclude Include="..\Classes\Models\GameModel.h">
      <Filter>src\Models</Filter>
    </ClInclude>
    <ClInclude Include="..\Classes\Models\UndoModel.h">
      <Filter>src\Models</Filter>
    </ClInclude>
    <ClInclude Include="..\Classes\Views\CardView.h">
      <Filter>src\Views</Filter>
    </ClInclude>
    <ClInclude Include="..\Classes\Views\GameView.h">
      <Filter>src\Views</Filter>
    </ClInclude>
    <ClInclude Include="..\Classes\Utils\CardResourceProvider.h">
      <Filter>src\Utils</Filter>
    </ClInclude>
    <ClInclude Include="..\Classes\Scene\GamePlayScene.h">
      <Filter>src\Scene</Filter>
    </ClInclude>
    <ClInclude Include="..\Classes\Utils\PublicUtil.h">
      <Filter>src\Utils</Filter>
    </ClInclude>
    <ClInclude Include="..\Classes\Services\GameModelFromLevelGenerator.h">
      <Filter>src\Services</Filter>
    </ClInclude>
    <ClInclude Include="..\Classes\Configs\LevelConfig.h">
      <Filter>src\Configs</Filter>
    </ClInclude>
    <ClInclude Include="..\Classes\Utils\json.hpp">
      <Filter>src\Utils</Filter>
    </ClInclude>
    <ClInclude Include="..\Classes\Controllers\GameController.h">
      <Filter>src\Controllers</Filter>
    </ClInclude>
    <ClInclude Include="..\Classes\Utils\LevelConfigLoader.h">
      <Filter>src\Utils</Filter>
    </ClInclude>
    <ClInclude Include="..\Classes\Managers\UndoManager.h">
      <Filter>src\Managers</Filter>
    </ClInclude>
    <ClInclude Include="..\Classes\Managers\PlayFieldManager.h">
      <Filter>src\Managers</Filter>
    </ClInclude>
    <ClInclude Include="..\Classes\Managers\StackManager.h">
      <Filter>src\Managers</Filter>
    </ClInclude>
  </ItemGroup>
  <ItemGroup>
    <ResourceCompile Include="game.rc">
      <Filter>resource</Filter>
    </ResourceCompile>
  </ItemGroup>
  <ItemGroup>
    <None Include="..\Resources\Assets\LevelJSON.json">
      <Filter>src\Configs</Filter>
    </None>
  </ItemGroup>
</Project>